
Microsoft Visual Studio Solution File, Format Version 12.00
# Visual Studio Version 16
VisualStudioVersion = 16.0.29806.167
MinimumVisualStudioVersion = 10.0.40219.1
Project("{9A19103F-16F7-4668-BE54-9A1E7A4F7556}") = "CommunicationServer", "CommunicationServer\CommunicationServer.csproj", "{EA3C0A48-B89E-419B-BFFA-C0050A4ED733}"
EndProject
Project("{9A19103F-16F7-4668-BE54-9A1E7A4F7556}") = "GameMaster", "GameMaster\GameMaster.csproj", "{8A5CAEB1-180C-4324-BC8E-A5BEE2C0EBCB}"
EndProject
Project("{9A19103F-16F7-4668-BE54-9A1E7A4F7556}") = "Tests", "Tests\Tests.csproj", "{1B8BB98D-7E49-449D-ABFE-CAC787247EBA}"
EndProject
Project("{9A19103F-16F7-4668-BE54-9A1E7A4F7556}") = "GameGraphicalInterface", "GameGraphicalInterface\GameGraphicalInterface.csproj", "{AD266BF5-5B4F-4A99-BA98-D755DCCFA3AD}"
EndProject
Project("{9A19103F-16F7-4668-BE54-9A1E7A4F7556}") = "CommunicationServerLibrary", "CommunicationServerLibrary\CommunicationServerLibrary.csproj", "{178E2133-1DF9-4053-80CF-28EEFEFE8D92}"
EndProject
Project("{9A19103F-16F7-4668-BE54-9A1E7A4F7556}") = "CommonLibrary", "CommonLib\CommonLibrary.csproj", "{370CC297-B080-46C4-ADE1-D684276E249F}"
EndProject
Project("{9A19103F-16F7-4668-BE54-9A1E7A4F7556}") = "GamePlayer", "GamePlayer\GamePlayer.csproj", "{4B5EE2B4-26EC-4047-A503-A8F0BCF2CD59}"
EndProject
Global
	GlobalSection(SolutionConfigurationPlatforms) = preSolution
		Debug|Any CPU = Debug|Any CPU
		Release|Any CPU = Release|Any CPU
	EndGlobalSection
	GlobalSection(ProjectConfigurationPlatforms) = postSolution
		{EA3C0A48-B89E-419B-BFFA-C0050A4ED733}.Debug|Any CPU.ActiveCfg = Debug|Any CPU
		{EA3C0A48-B89E-419B-BFFA-C0050A4ED733}.Debug|Any CPU.Build.0 = Debug|Any CPU
		{EA3C0A48-B89E-419B-BFFA-C0050A4ED733}.Release|Any CPU.ActiveCfg = Release|Any CPU
		{EA3C0A48-B89E-419B-BFFA-C0050A4ED733}.Release|Any CPU.Build.0 = Release|Any CPU
		{8A5CAEB1-180C-4324-BC8E-A5BEE2C0EBCB}.Debug|Any CPU.ActiveCfg = Debug|Any CPU
		{8A5CAEB1-180C-4324-BC8E-A5BEE2C0EBCB}.Debug|Any CPU.Build.0 = Debug|Any CPU
		{8A5CAEB1-180C-4324-BC8E-A5BEE2C0EBCB}.Release|Any CPU.ActiveCfg = Release|Any CPU
		{8A5CAEB1-180C-4324-BC8E-A5BEE2C0EBCB}.Release|Any CPU.Build.0 = Release|Any CPU
		{1B8BB98D-7E49-449D-ABFE-CAC787247EBA}.Debug|Any CPU.ActiveCfg = Debug|Any CPU
		{1B8BB98D-7E49-449D-ABFE-CAC787247EBA}.Debug|Any CPU.Build.0 = Debug|Any CPU
		{1B8BB98D-7E49-449D-ABFE-CAC787247EBA}.Release|Any CPU.ActiveCfg = Release|Any CPU
		{1B8BB98D-7E49-449D-ABFE-CAC787247EBA}.Release|Any CPU.Build.0 = Release|Any CPU
		{AD266BF5-5B4F-4A99-BA98-D755DCCFA3AD}.Debug|Any CPU.ActiveCfg = Debug|Any CPU
		{AD266BF5-5B4F-4A99-BA98-D755DCCFA3AD}.Debug|Any CPU.Build.0 = Debug|Any CPU
		{AD266BF5-5B4F-4A99-BA98-D755DCCFA3AD}.Release|Any CPU.ActiveCfg = Release|Any CPU
		{AD266BF5-5B4F-4A99-BA98-D755DCCFA3AD}.Release|Any CPU.Build.0 = Release|Any CPU
		{178E2133-1DF9-4053-80CF-28EEFEFE8D92}.Debug|Any CPU.ActiveCfg = Debug|Any CPU
		{178E2133-1DF9-4053-80CF-28EEFEFE8D92}.Debug|Any CPU.Build.0 = Debug|Any CPU
		{178E2133-1DF9-4053-80CF-28EEFEFE8D92}.Release|Any CPU.ActiveCfg = Release|Any CPU
		{178E2133-1DF9-4053-80CF-28EEFEFE8D92}.Release|Any CPU.Build.0 = Release|Any CPU
		{370CC297-B080-46C4-ADE1-D684276E249F}.Debug|Any CPU.ActiveCfg = Debug|Any CPU
		{370CC297-B080-46C4-ADE1-D684276E249F}.Debug|Any CPU.Build.0 = Debug|Any CPU
		{370CC297-B080-46C4-ADE1-D684276E249F}.Release|Any CPU.ActiveCfg = Release|Any CPU
		{370CC297-B080-46C4-ADE1-D684276E249F}.Release|Any CPU.Build.0 = Release|Any CPU
		{4B5EE2B4-26EC-4047-A503-A8F0BCF2CD59}.Debug|Any CPU.ActiveCfg = Debug|Any CPU
		{4B5EE2B4-26EC-4047-A503-A8F0BCF2CD59}.Debug|Any CPU.Build.0 = Debug|Any CPU
		{4B5EE2B4-26EC-4047-A503-A8F0BCF2CD59}.Release|Any CPU.ActiveCfg = Release|Any CPU
		{4B5EE2B4-26EC-4047-A503-A8F0BCF2CD59}.Release|Any CPU.Build.0 = Release|Any CPU
	EndGlobalSection
	GlobalSection(SolutionProperties) = preSolution
		HideSolutionNode = FALSE
	EndGlobalSection
	GlobalSection(ExtensibilityGlobals) = postSolution
		SolutionGuid = {E07D7FAB-3923-471A-B82A-3DDE1737932E}
	EndGlobalSection
EndGlobal
